id: UTAT_HERON_header_format_esttc
label: ESTTC Header Format
category: '[UTAT]'
flags: [ show_id, python, cpp ]

parameters:
- id: access_code
  label: Access Code
  dtype: string
  default: '"101010111"'
- id: threshold
  label: Threshold
  dtype: int
  default: 0
- id: bps
  label: Payload Bits per Symbol
  dtype: int
  default: 1
- id: trailer_nbits
  label: Trailer Bits
  dtype: int
  default: 0

value: ${ UTAT_HERON.header_format_esttc(access_code, threshold, bps, trailer_nbits) }

templates:
  imports: from gnuradio import UTAT_HERON
  var_make: |-
    self.${id} = ${id} = UTAT_HERON.header_format_esttc(${access_code},\
    ${threshold}, ${bps}, ${trailer_nbits})

cpp_templates:
  includes: ['#include <gnuradio/UTAT_HERON/header_format_esttc.h>']
  declarations: 'UTAT_HERON::header_format_esttc::sptr ${id};'
  var_make: |-
    this->${id} = ${id} = UTAT_HERON::header_format_esttc(${access_code},\
    ${threshold}, ${bps}, ${trailer_nbits});
  link: ['gnuradio::gnuradio-digital']

#  Make one 'parameters' list entry for every parameter you want settable from the GUI.
#     Keys include:
#     * id (makes the value accessible as keyname, e.g. in the make entry)
#     * label (label shown in the GUI)
#     * dtype (e.g. int, float, complex, byte, short, xxx_vector, ...)
#     * default
# parameters:
# - id: parametername_replace_me
#   label: FIX ME:
#   dtype: string
#   default: You need to fill in your grc/UTAT_HERON_header_format_esttc.block.yaml
#- id: ...
#  label: ...
#  dtype: ...

#  Make one 'inputs' list entry per input and one 'outputs' list entry per output.
#  Keys include:
#      * label (an identifier for the GUI)
#      * domain (optional - stream or message. Default is stream)
#      * dtype (e.g. int, float, complex, byte, short, xxx_vector, ...)
#      * vlen (optional - data stream vector length. Default is 1)
#      * optional (optional - set to 1 for optional inputs. Default is 0)
inputs:
#- label: ...
#  domain: ...
#  dtype: ...
#  vlen: ...
#  optional: ...

outputs:
#- label: ...
#  domain: ...
#  dtype: ...
#  vlen: ...
#  optional: ...

#  'file_format' specifies the version of the GRC yml format used in the file
#  and should usually not be changed.
file_format: 1
