id: UTAT_HERON_heron_rx_bb
label: HERON RX BB
category: '[UTAT]/Deprecated'
flags: '[ deprecated ]'

templates:
  imports: from gnuradio import UTAT_HERON
  make: UTAT_HERON.heron_rx_bb()
inputs:
- label: in
  domain: stream
  dtype: byte
outputs:
- label: out
  domain: stream
  dtype: byte
file_format: 1
