id: UTAT_HERON_esttc_deframer
label: ESTTC Deframer
category: '[UTAT]/Framers'

templates:
  imports: from gnuradio import UTAT_HERON
  make: UTAT_HERON.esttc_deframer(${samp_rate})

#  Make one 'parameters' list entry for every parameter you want settable from the GUI.
#     Keys include:
#     * id (makes the value accessible as keyname, e.g. in the make entry)
#     * label (label shown in the GUI)
#     * dtype (e.g. int, float, complex, byte, short, xxx_vector, ...)
#     * default
parameters:
- id: samp_rate
  label: Sample Rate
  dtype: float
  default: samp_rate
#- id: ...
#  label: ...
#  dtype: ...

#  Make one 'inputs' list entry per input and one 'outputs' list entry per output.
#  Keys include:
#      * label (an identifier for the GUI)
#      * domain (optional - stream or message. Default is stream)
#      * dtype (e.g. int, float, complex, byte, short, xxx_vector, ...)
#      * vlen (optional - data stream vector length. Default is 1)
#      * optional (optional - set to 1 for optional inputs. Default is 0)
inputs:
- label: in
  domain: stream
  dtype: byte

outputs:
- label: crc_ok
  domain: message
  dtype: message
- label: crc_fail
  domain: message
  dtype: message

#  'file_format' specifies the version of the GRC yml format used in the file
#  and should usually not be changed.
file_format: 1
